
Microsoft Visual Studio Solution File, Format Version 12.00
# Visual Studio Version 16
VisualStudioVersion = 16.0.31321.278
MinimumVisualStudioVersion = 10.0.40219.1
Project("{FAE04EC0-301F-11D3-BF4B-00C04F79EFBC}") = "TP1 EJ1", "TP1 EJ1.csproj", "{B0879A62-4D61-45EE-8E42-2EA25F89D7FB}"
EndProject
Global
	GlobalSection(SolutionConfigurationPlatforms) = preSolution
		Debug|Any CPU = Debug|Any CPU
		Release|Any CPU = Release|Any CPU
	EndGlobalSection
	GlobalSection(ProjectConfigurationPlatforms) = postSolution
		{B0879A62-4D61-45EE-8E42-2EA25F89D7FB}.Debug|Any CPU.ActiveCfg = Debug|Any CPU
		{B0879A62-4D61-45EE-8E42-2EA25F89D7FB}.Debug|Any CPU.Build.0 = Debug|Any CPU
		{B0879A62-4D61-45EE-8E42-2EA25F89D7FB}.Release|Any CPU.ActiveCfg = Release|Any CPU
		{B0879A62-4D61-45EE-8E42-2EA25F89D7FB}.Release|Any CPU.Build.0 = Release|Any CPU
	EndGlobalSection
	GlobalSection(SolutionProperties) = preSolution
		HideSolutionNode = FALSE
	EndGlobalSection
	GlobalSection(ExtensibilityGlobals) = postSolution
		SolutionGuid = {159CE304-6A16-4EFE-82E6-A3B42AD07958}
	EndGlobalSection
EndGlobal
